
Microsoft Visual Studio Solution File, Format Version 12.00
# Visual Studio 15
VisualStudioVersion = 15.0.28307.902
MinimumVisualStudioVersion = 10.0.40219.1
Project("{FAE04EC0-301F-11D3-BF4B-00C04F79EFBC}") = "LibraryManagementSystem", "LibraryManagementSystem.csproj", "{3F495DA0-C35B-4410-B508-A9C59BBBDBEC}"
EndProject
Global
	GlobalSection(SolutionConfigurationPlatforms) = preSolution
		Debug|Any CPU = Debug|Any CPU
		Release|Any CPU = Release|Any CPU
	EndGlobalSection
	GlobalSection(ProjectConfigurationPlatforms) = postSolution
		{3F495DA0-C35B-4410-B508-A9C59BBBDBEC}.Debug|Any CPU.ActiveCfg = Debug|Any CPU
		{3F495DA0-C35B-4410-B508-A9C59BBBDBEC}.Debug|Any CPU.Build.0 = Debug|Any CPU
		{3F495DA0-C35B-4410-B508-A9C59BBBDBEC}.Release|Any CPU.ActiveCfg = Release|Any CPU
		{3F495DA0-C35B-4410-B508-A9C59BBBDBEC}.Release|Any CPU.Build.0 = Release|Any CPU
	EndGlobalSection
	GlobalSection(SolutionProperties) = preSolution
		HideSolutionNode = FALSE
	EndGlobalSection
	GlobalSection(ExtensibilityGlobals) = postSolution
		SolutionGuid = {3ACE4F68-311D-4053-AC54-4AC8E31BCB1F}
	EndGlobalSection
EndGlobal
